<?xml version="1.0" encoding="utf-8"?>
<Project ToolsVersion="4.0" xmlns="http://schemas.microsoft.com/developer/msbuild/2003">
  <ItemGroup>
    <Filter Include="Source Files">
      <UniqueIdentifier>{4FC737F1-C7A5-4376-A066-2A32D752A2FF}</UniqueIdentifier>
      <Extensions>cpp;c;cc;cxx;def;odl;idl;hpj;bat;asm;asmx</Extensions>
    </Filter>
    <Filter Include="Header Files">
      <UniqueIdentifier>{93995380-89BD-4b04-88EB-625FBE52EBFB}</UniqueIdentifier>
      <Extensions>h;hh;hpp;hxx;hm;inl;inc;ipp;xsd</Extensions>
    </Filter>
    <Filter Include="Resource Files">
      <UniqueIdentifier>{67DA6AB6-F800-4c08-8B7A-83BB121AAD01}</UniqueIdentifier>
      <Extensions>rc;ico;cur;bmp;dlg;rc2;rct;bin;rgs;gif;jpg;jpeg;jpe;resx;tiff;tif;png;wav;mfcribbon-ms</Extensions>
    </Filter>
  </ItemGroup>
  <ItemGroup>
    <ClInclude Include="src\Ray_Tracer\Core.h">
      <Filter>Header Files</Filter>
    </ClInclude>
    <ClInclude Include="src\Ray_Tracer\Application.h">
      <Filter>Header Files</Filter>
    </ClInclude>
    <ClInclude Include="src\RT.h">
      <Filter>Header Files</Filter>
    </ClInclude>
    <ClInclude Include="src\Ray_Tracer\EntryPoint.h">
      <Filter>Header Files</Filter>
    </ClInclude>
    <ClInclude Include="src\Ray_Tracer\image.h">
      <Filter>Header Files</Filter>
    </ClInclude>
    <ClInclude Include="src\Ray_Tracer\Vendor\lodepng.h">
      <Filter>Header Files</Filter>
    </ClInclude>
    <ClInclude Include="src\Ray_Tracer\Utilities\Constants.h">
      <Filter>Header Files</Filter>
    </ClInclude>
    <ClInclude Include="src\Ray_Tracer\Utilities\Maths.h">
      <Filter>Header Files</Filter>
    </ClInclude>
    <ClInclude Include="src\Ray_Tracer\Utilities\Matrix.h">
      <Filter>Header Files</Filter>
    </ClInclude>
    <ClInclude Include="src\Ray_Tracer\Utilities\Normal.h">
      <Filter>Header Files</Filter>
    </ClInclude>
    <ClInclude Include="src\Ray_Tracer\Utilities\Point3D.h">
      <Filter>Header Files</Filter>
    </ClInclude>
    <ClInclude Include="src\Ray_Tracer\Utilities\Ray.h">
      <Filter>Header Files</Filter>
    </ClInclude>
    <ClInclude Include="src\Ray_Tracer\Utilities\RGBColor.h">
      <Filter>Header Files</Filter>
    </ClInclude>
    <ClInclude Include="src\Ray_Tracer\Utilities\ShadeRec.h">
      <Filter>Header Files</Filter>
    </ClInclude>
    <ClInclude Include="src\Ray_Tracer\Utilities\Vector3D.h">
      <Filter>Header Files</Filter>
    </ClInclude>
    <ClInclude Include="src\Ray_Tracer\Tracers\Tracer.h">
      <Filter>Header Files</Filter>
    </ClInclude>
    <ClInclude Include="src\Ray_Tracer\GeometricObjects\GeometricObject.h">
      <Filter>Header Files</Filter>
    </ClInclude>
    <ClInclude Include="src\Ray_Tracer\GeometricObjects\Plane.h">
      <Filter>Header Files</Filter>
    </ClInclude>
    <ClInclude Include="src\Ray_Tracer\GeometricObjects\Sphere.h">
      <Filter>Header Files</Filter>
    </ClInclude>
    <ClInclude Include="src\Ray_Tracer\World\ViewPlane.h">
      <Filter>Header Files</Filter>
    </ClInclude>
    <ClInclude Include="src\Ray_Tracer\World\World.h">
      <Filter>Header Files</Filter>
    </ClInclude>
    <ClInclude Include="src\Ray_Tracer\Tracers\SingleSphere.h">
      <Filter>Header Files</Filter>
    </ClInclude>
    <ClInclude Include="src\Ray_Tracer\Tracers\MultipleObjects.h">
      <Filter>Header Files</Filter>
    </ClInclude>
    <ClInclude Include="src\Ray_Tracer\Utilities\Point2D.h">
      <Filter>Header Files</Filter>
    </ClInclude>
    <ClInclude Include="src\Ray_Tracer\Samplers\Jittered.h">
      <Filter>Header Files</Filter>
    </ClInclude>
    <ClInclude Include="src\Ray_Tracer\Samplers\MultiJittered.h">
      <Filter>Header Files</Filter>
    </ClInclude>
    <ClInclude Include="src\Ray_Tracer\Samplers\NRooks.h">
      <Filter>Header Files</Filter>
    </ClInclude>
    <ClInclude Include="src\Ray_Tracer\Samplers\Sampler.h">
      <Filter>Header Files</Filter>
    </ClInclude>
  </ItemGroup>
  <ItemGroup>
    <ClCompile Include="src\Ray_Tracer\Application.cpp">
      <Filter>Source Files</Filter>
    </ClCompile>
    <ClCompile Include="src\Ray_Tracer\image.cpp">
      <Filter>Source Files</Filter>
    </ClCompile>
    <ClCompile Include="src\Ray_Tracer\Vendor\lodepng.cpp">
      <Filter>Source Files</Filter>
    </ClCompile>
    <ClCompile Include="src\Ray_Tracer\Utilities\Matrix.cpp">
      <Filter>Source Files</Filter>
    </ClCompile>
    <ClCompile Include="src\Ray_Tracer\Utilities\Normal.cpp">
      <Filter>Source Files</Filter>
    </ClCompile>
    <ClCompile Include="src\Ray_Tracer\Utilities\Point3D.cpp">
      <Filter>Source Files</Filter>
    </ClCompile>
    <ClCompile Include="src\Ray_Tracer\Utilities\Ray.cpp">
      <Filter>Source Files</Filter>
    </ClCompile>
    <ClCompile Include="src\Ray_Tracer\Utilities\RGBColor.cpp">
      <Filter>Source Files</Filter>
    </ClCompile>
    <ClCompile Include="src\Ray_Tracer\Utilities\ShadeRec.cpp">
      <Filter>Source Files</Filter>
    </ClCompile>
    <ClCompile Include="src\Ray_Tracer\Utilities\Vector3D.cpp">
      <Filter>Source Files</Filter>
    </ClCompile>
    <ClCompile Include="src\Ray_Tracer\Tracers\Tracer.cpp">
      <Filter>Source Files</Filter>
    </ClCompile>
    <ClCompile Include="src\Ray_Tracer\GeometricObjects\GeometricObject.cpp">
      <Filter>Source Files</Filter>
    </ClCompile>
    <ClCompile Include="src\Ray_Tracer\GeometricObjects\Plane.cpp">
      <Filter>Source Files</Filter>
    </ClCompile>
    <ClCompile Include="src\Ray_Tracer\GeometricObjects\Sphere.cpp">
      <Filter>Source Files</Filter>
    </ClCompile>
    <ClCompile Include="src\Ray_Tracer\World\ViewPlane.cpp">
      <Filter>Source Files</Filter>
    </ClCompile>
    <ClCompile Include="src\Ray_Tracer\World\World.cpp">
      <Filter>Source Files</Filter>
    </ClCompile>
    <ClCompile Include="src\Ray_Tracer\Tracers\SingleSphere.cpp">
      <Filter>Source Files</Filter>
    </ClCompile>
    <ClCompile Include="src\Ray_Tracer\Tracers\MultipleObjects.cpp">
      <Filter>Source Files</Filter>
    </ClCompile>
    <ClCompile Include="src\Ray_Tracer\Utilities\Point2D.cpp">
      <Filter>Source Files</Filter>
    </ClCompile>
    <ClCompile Include="src\Ray_Tracer\Samplers\Jittered.cpp">
      <Filter>Source Files</Filter>
    </ClCompile>
    <ClCompile Include="src\Ray_Tracer\Samplers\MultiJittered.cpp">
      <Filter>Source Files</Filter>
    </ClCompile>
    <ClCompile Include="src\Ray_Tracer\Samplers\NRooks.cpp">
      <Filter>Source Files</Filter>
    </ClCompile>
    <ClCompile Include="src\Ray_Tracer\Samplers\Sampler.cpp">
      <Filter>Source Files</Filter>
    </ClCompile>
  </ItemGroup>
</Project>